
Microsoft Visual Studio Solution File, Format Version 12.00
# Visual Studio Version 17
VisualStudioVersion = 17.1.32407.343
MinimumVisualStudioVersion = 10.0.40219.1
Project("{9A19103F-16F7-4668-BE54-9A1E7A4F7556}") = "GIFrameworkMaps.Web", "GIFrameworkMaps.Web\GIFrameworkMaps.Web.csproj", "{CC2E0CAB-6D9D-49A6-9256-06A5D300F580}"
EndProject
Project("{9A19103F-16F7-4668-BE54-9A1E7A4F7556}") = "GIFrameworkMaps.Data", "GIFrameworkMap.Data\GIFrameworkMaps.Data.csproj", "{F88311D9-09F0-46D0-B677-86F760950961}"
EndProject
Project("{2150E333-8FDC-42A3-9474-1A3956D46DE8}") = "Solution Items", "Solution Items", "{9461462F-F38A-4E03-AF0E-141C41A4D953}"
	ProjectSection(SolutionItems) = preProject
		README.md = README.md
	EndProjectSection
EndProject
Project("{9A19103F-16F7-4668-BE54-9A1E7A4F7556}") = "GIFrameworkMaps.Tests", "GIFrameworkMaps.Tests\GIFrameworkMaps.Tests.csproj", "{A46ACB8E-301E-4F99-9C52-DD54435FDD5B}"
EndProject
Project("{FAE04EC0-301F-11D3-BF4B-00C04F79EFBC}") = "BenchmarkTests", "BenchmarkTests\BenchmarkTests.csproj", "{65A18E94-AC77-480B-AC16-C14AC98D0967}"
EndProject
Global
	GlobalSection(SolutionConfigurationPlatforms) = preSolution
		Debug|Any CPU = Debug|Any CPU
		Release|Any CPU = Release|Any CPU
	EndGlobalSection
	GlobalSection(ProjectConfigurationPlatforms) = postSolution
		{CC2E0CAB-6D9D-49A6-9256-06A5D300F580}.Debug|Any CPU.ActiveCfg = Debug|Any CPU
		{CC2E0CAB-6D9D-49A6-9256-06A5D300F580}.Debug|Any CPU.Build.0 = Debug|Any CPU
		{CC2E0CAB-6D9D-49A6-9256-06A5D300F580}.Release|Any CPU.ActiveCfg = Release|Any CPU
		{CC2E0CAB-6D9D-49A6-9256-06A5D300F580}.Release|Any CPU.Build.0 = Release|Any CPU
		{F88311D9-09F0-46D0-B677-86F760950961}.Debug|Any CPU.ActiveCfg = Debug|Any CPU
		{F88311D9-09F0-46D0-B677-86F760950961}.Debug|Any CPU.Build.0 = Debug|Any CPU
		{F88311D9-09F0-46D0-B677-86F760950961}.Release|Any CPU.ActiveCfg = Release|Any CPU
		{F88311D9-09F0-46D0-B677-86F760950961}.Release|Any CPU.Build.0 = Release|Any CPU
		{A46ACB8E-301E-4F99-9C52-DD54435FDD5B}.Debug|Any CPU.ActiveCfg = Debug|Any CPU
		{A46ACB8E-301E-4F99-9C52-DD54435FDD5B}.Debug|Any CPU.Build.0 = Debug|Any CPU
		{A46ACB8E-301E-4F99-9C52-DD54435FDD5B}.Release|Any CPU.ActiveCfg = Release|Any CPU
		{A46ACB8E-301E-4F99-9C52-DD54435FDD5B}.Release|Any CPU.Build.0 = Release|Any CPU
		{65A18E94-AC77-480B-AC16-C14AC98D0967}.Debug|Any CPU.ActiveCfg = Debug|Any CPU
		{65A18E94-AC77-480B-AC16-C14AC98D0967}.Debug|Any CPU.Build.0 = Debug|Any CPU
		{65A18E94-AC77-480B-AC16-C14AC98D0967}.Release|Any CPU.ActiveCfg = Release|Any CPU
		{65A18E94-AC77-480B-AC16-C14AC98D0967}.Release|Any CPU.Build.0 = Release|Any CPU
	EndGlobalSection
	GlobalSection(SolutionProperties) = preSolution
		HideSolutionNode = FALSE
	EndGlobalSection
	GlobalSection(ExtensibilityGlobals) = postSolution
		SolutionGuid = {9402E9C2-9410-4D38-BBAD-695BC766A053}
	EndGlobalSection
EndGlobal
