{
  "version": 1,
  "dependencies": {
    "net10.0": {
      "Azure.Extensions.AspNetCore.Configuration.Secrets": {
        "type": "Direct",
        "requested": "[1.4.0, )",
        "resolved": "1.4.0",
        "contentHash": "cy8kazCYnG/IUHQ9048UUmObgbPsqkQbcdrCAPxl1JA6ylLBV+v+8586bOWpuSF6GZaxpulLGFDBBm3PR5t1gA==",
        "dependencies": {
          "Azure.Core": "1.44.1",
          "Azure.Security.KeyVault.Secrets": "4.6.0"
        }
      },
      "FuzzySharp": {
        "type": "Direct",
        "requested": "[2.0.2, )",
        "resolved": "2.0.2",
        "contentHash": "sBKqWxw3g//peYxDZ8JipRlyPbIyBtgzqBVA5GqwHVeqtIrw75maGXAllztf+1aJhchD+drcQIgf2mFho8ZV8A=="
      },
      "Microsoft.ApplicationInsights.AspNetCore": {
        "type": "Direct",
        "requested": "[2.23.0, )",
        "resolved": "2.23.0",
        "contentHash": "we/RsIn0Mwf/4ZNGXZixJ0lVD3pqjx2yVeKfqJybgYY/Lib8nnf+8YGJp+ULN3kOk39I0pI/7ZnF9LFy6hS3lw==",
        "dependencies": {
          "Microsoft.ApplicationInsights": "2.23.0",
          "Microsoft.ApplicationInsights.DependencyCollector": "2.23.0",
          "Microsoft.ApplicationInsights.EventCounterCollector": "2.23.0",
          "Microsoft.ApplicationInsights.PerfCounterCollector": "2.23.0",
          "Microsoft.ApplicationInsights.WindowsServer": "2.23.0",
          "Microsoft.ApplicationInsights.WindowsServer.TelemetryChannel": "2.23.0",
          "Microsoft.Extensions.Logging.ApplicationInsights": "2.23.0"
        }
      },
      "Microsoft.AspNetCore.Mvc.Razor.RuntimeCompilation": {
        "type": "Direct",
        "requested": "[10.0.0, )",
        "resolved": "10.0.0",
        "contentHash": "OpgCJaQd7xaPMzwguqqv4QVq6j4cjFlb16BR1f60K9Tk+sHw/DhmdWQOjk76FRttpXheALNNvqVuEh+D9y5yog==",
        "dependencies": {
          "Microsoft.AspNetCore.Mvc.Razor.Extensions": "6.0.0",
          "Microsoft.CodeAnalysis.Razor": "6.0.0",
          "Microsoft.Extensions.DependencyModel": "10.0.0"
        }
      },
      "Microsoft.EntityFrameworkCore": {
        "type": "Direct",
        "requested": "[10.0.0, )",
        "resolved": "10.0.0",
        "contentHash": "hHa2amRjMyBLUH/KTML6FgIAhZ0VFYkhCKwWEax0rO6iNeM1P5MflyeQLE5dniSIOZHc3Oqyv5UIyTFO4e1Auw==",
        "dependencies": {
          "Microsoft.EntityFrameworkCore.Abstractions": "10.0.0",
          "Microsoft.EntityFrameworkCore.Analyzers": "10.0.0"
        }
      },
      "Microsoft.EntityFrameworkCore.Design": {
        "type": "Direct",
        "requested": "[10.0.0, )",
        "resolved": "10.0.0",
        "contentHash": "R7BeFniEpBrHw8kKVtWiMG4PRAwJ4K1RZoQWB32Ak8ws3uvYH98DVp9Y2UBUgbwY5lR9wPlrxp7P3GGDQ7LUSQ==",
        "dependencies": {
          "Humanizer.Core": "2.14.1",
          "Microsoft.Build.Framework": "17.14.28",
          "Microsoft.Build.Tasks.Core": "17.14.28",
          "Microsoft.Build.Utilities.Core": "17.14.28",
          "Microsoft.CodeAnalysis.CSharp": "4.14.0",
          "Microsoft.CodeAnalysis.CSharp.Workspaces": "4.14.0",
          "Microsoft.CodeAnalysis.Workspaces.MSBuild": "4.14.0",
          "Microsoft.EntityFrameworkCore.Relational": "10.0.0",
          "Microsoft.Extensions.DependencyModel": "10.0.0",
          "Mono.TextTemplating": "3.0.0",
          "Newtonsoft.Json": "13.0.3"
        }
      },
      "Microsoft.EntityFrameworkCore.Tools": {
        "type": "Direct",
        "requested": "[10.0.0, )",
        "resolved": "10.0.0",
        "contentHash": "Gx6AWCf1CsBHTbvVVWBYBKp6hrwZt0IgBigoBPaybwOBG2EFIfZc7NP2BoR6r56YuuikbPIzCuvQuFYNnX43+A==",
        "dependencies": {
          "Microsoft.EntityFrameworkCore.Design": "10.0.0"
        }
      },
      "Microsoft.Extensions.Diagnostics.HealthChecks.EntityFrameworkCore": {
        "type": "Direct",
        "requested": "[10.0.0, )",
        "resolved": "10.0.0",
        "contentHash": "ND74bTLuvcrhpEPQU8QZwOrq08zPPj76Ev/60SX1juVKLSSnbknXNoOzNYMPJn3xvhyDHmqU3Hvb/aYV3uvvhQ==",
        "dependencies": {
          "Microsoft.EntityFrameworkCore.Relational": "10.0.0"
        }
      },
      "Microsoft.Graph": {
        "type": "Direct",
        "requested": "[5.98.0, )",
        "resolved": "5.98.0",
        "contentHash": "ykQn23vKPMEGKiI3wl5tvgtlSctJQaHIEs4rkvVdITlayIz8RN+NdHfu+lmfqHJbRi+nJ6NkWbUSinNBqKbsJA==",
        "dependencies": {
          "Microsoft.Graph.Core": "3.2.4"
        }
      },
      "Microsoft.Graph.Beta": {
        "type": "Direct",
        "requested": "[5.126.0-preview, )",
        "resolved": "5.126.0-preview",
        "contentHash": "lxUs4JkCpv0h8mhh6PeoIzVce39FnUT/3NYmpokYAjvBCJ+nOTRdTmpfH3gFRcZHmnItK4GTpJHkjNvrUh1qfQ==",
        "dependencies": {
          "Microsoft.Graph.Core": "3.2.4"
        }
      },
      "Microsoft.Identity.Web.UI": {
        "type": "Direct",
        "requested": "[4.1.1, )",
        "resolved": "4.1.1",
        "contentHash": "CV6IHnWMfosTjCZ+EANlihP1UUuRZCrMMT+qMGNDQUEqcANigyfNszG7OMFCWnMOcoCp1a9jOd4ER8TMg/Pm0A==",
        "dependencies": {
          "Microsoft.Identity.Web": "4.1.1"
        }
      },
      "Microsoft.TypeScript.MSBuild": {
        "type": "Direct",
        "requested": "[5.9.3, )",
        "resolved": "5.9.3",
        "contentHash": "zWwWVvtPYBM/j/mICB0e1/71P1mPzECatHZNxYiu4mmmFOc+pQ1JU14famcyiTl8LQ5Yg8k6Ha4d6vEwVay/2g=="
      },
      "NodaTime.Serialization.SystemTextJson": {
        "type": "Direct",
        "requested": "[1.3.0, )",
        "resolved": "1.3.0",
        "contentHash": "Zf9sdKrfcId0rvZLOB7Yncy/cfCv20TdQ84IKE6CkcWW33u1wsRvmYUbfaP5MYUm+9vp9Yoi3G2vN1/9nZ/JCA==",
        "dependencies": {
          "NodaTime": "[3.0.0, 4.0.0)"
        }
      },
      "Npgsql": {
        "type": "Direct",
        "requested": "[10.0.0, )",
        "resolved": "10.0.0",
        "contentHash": "xZAYhPOU2rUIFpV48xsqhCx9vXs6Y+0jX2LCoSEfDFYMw9jtAOUk3iQsCnDLrFIv9NT3JGMihn7nnuZsPKqJmA=="
      },
      "Npgsql.EntityFrameworkCore.PostgreSQL": {
        "type": "Direct",
        "requested": "[10.0.0, )",
        "resolved": "10.0.0",
        "contentHash": "E2+uSWxSB8LdsUVwPaqRWOcGOP92biry2JEwc0KJMdLJF+aZdczeIdEXVwEyv4nSVMQJH0o8tLhyAMiR6VF0lw==",
        "dependencies": {
          "Microsoft.EntityFrameworkCore": "[10.0.0, 11.0.0)",
          "Microsoft.EntityFrameworkCore.Relational": "[10.0.0, 11.0.0)",
          "Npgsql": "10.0.0"
        }
      },
      "Npgsql.EntityFrameworkCore.PostgreSQL.NodaTime": {
        "type": "Direct",
        "requested": "[10.0.0, )",
        "resolved": "10.0.0",
        "contentHash": "rOdtaU3eIJPP+qheKV1JqEy2WuJYuukr+rFVIH6xefcyJ9kGTTw/o7xGLOQMLbbfQBmiWjFv4lDxHSv79g0Fqg==",
        "dependencies": {
          "Npgsql.EntityFrameworkCore.PostgreSQL": "10.0.0",
          "Npgsql.NodaTime": "10.0.0"
        }
      },
      "Npgsql.NodaTime": {
        "type": "Direct",
        "requested": "[10.0.0, )",
        "resolved": "10.0.0",
        "contentHash": "wcP0/9bNqwR4DhNXG5aueanHIy65LdXunnDcErUrMk+iA94weAgjA7f3U+5w/LINR005v7pJOwjnlezlftOYbQ==",
        "dependencies": {
          "NodaTime": "3.2.2",
          "Npgsql": "10.0.0"
        }
      },
      "Svg": {
        "type": "Direct",
        "requested": "[3.4.7, )",
        "resolved": "3.4.7",
        "contentHash": "Omez7ly5BGhg3OzdV+LHZ5sI0+JQ6hF7WVKUeyHw4jRvcEWNCPCf1MWMBaf+R0DRBSZHx5EUHwBTEF+2oYtsAw==",
        "dependencies": {
          "ExCSS": "4.2.3",
          "System.Drawing.Common": "5.0.3"
        }
      },
      "Yarp.ReverseProxy": {
        "type": "Direct",
        "requested": "[2.3.0, )",
        "resolved": "2.3.0",
        "contentHash": "gxtkN3a+9biu9V9Zd5NaTO6VZWXAnS2mhQ0R/VXmSPoTuiQNZsakKikrKpDtKxrL5nUYzbRsHtl40WNq+ZBKKg==",
        "dependencies": {
          "System.IO.Hashing": "8.0.0"
        }
      },
      "Azure.Core": {
        "type": "Transitive",
        "resolved": "1.50.0",
        "contentHash": "GBNKZEhdIbTXxedvD3R7I/yDVFX9jJJEz02kCziFSJxspSQ5RMHc3GktulJ1s7+ffXaXD7kMgrtdQTaggyInLw==",
        "dependencies": {
          "Microsoft.Bcl.AsyncInterfaces": "8.0.0",
          "System.ClientModel": "1.8.0",
          "System.Memory.Data": "8.0.1"
        }
      },
      "Azure.Identity": {
        "type": "Transitive",
        "resolved": "1.17.1",
        "contentHash": "MSZkBrctcpiGxs9Cvr2VKKoN6qFLZlP3I6xuCWJ9iTgitI5Rgxtk5gfOSpXPZE3+CJmZ/mnqpQyGyjawFn5Vvg==",
        "dependencies": {
          "Azure.Core": "1.50.0",
          "Microsoft.Identity.Client": "4.78.0",
          "Microsoft.Identity.Client.Extensions.Msal": "4.78.0"
        }
      },
      "Azure.Security.KeyVault.Certificates": {
        "type": "Transitive",
        "resolved": "4.6.0",
        "contentHash": "e2ATU/n2ZDL/S8A8EdrcfKEvKc2BojCrrSpmM+JKnrSTQS32x/W0Ldu8utk+epLKwXvSJRSWtlgdo7X8hG1mCg==",
        "dependencies": {
          "Azure.Core": "1.37.0"
        }
      },
      "Azure.Security.KeyVault.Secrets": {
        "type": "Transitive",
        "resolved": "4.6.0",
        "contentHash": "vwPceoznuT6glvirZcXlaCQrh1uzTSxpZUi2hRFNumHiS3hVyqIXI5fgWiLtlBzwqPJMTr0flUoSvGKjXXQlfg==",
        "dependencies": {
          "Azure.Core": "1.37.0"
        }
      },
      "ExCSS": {
        "type": "Transitive",
        "resolved": "4.2.3",
        "contentHash": "SyeAfu2wL5247sipJoPUzQfjiwQtfSd8hN4IbgoyVcDx4PP6Dud4znwPRibWQzLtTlUxYYcbf5f4p+EfFC7KtQ=="
      },
      "Humanizer.Core": {
        "type": "Transitive",
        "resolved": "2.14.1",
        "contentHash": "lQKvtaTDOXnoVJ20ibTuSIOf2i0uO0MPbDhd1jm238I+U/2ZnRENj0cktKZhtchBMtCUSRQ5v4xBCUbKNmyVMw=="
      },
      "Microsoft.ApplicationInsights": {
        "type": "Transitive",
        "resolved": "2.23.0",
        "contentHash": "nWArUZTdU7iqZLycLKWe0TDms48KKGE6pONH2terYNa8REXiqixrMOkf1sk5DHGMaUTqONU2YkS4SAXBhLStgw=="
      },
      "Microsoft.ApplicationInsights.DependencyCollector": {
        "type": "Transitive",
        "resolved": "2.23.0",
        "contentHash": "9YRdl9SNbTxd4AafJckyoJLr5gJdnvqFivjo+PY0lQTPEncPB+z3ZABG4iDfxN9HI1aLqyRINr1/7de9Wg8ZuQ==",
        "dependencies": {
          "Microsoft.ApplicationInsights": "2.23.0"
        }
      },
      "Microsoft.ApplicationInsights.EventCounterCollector": {
        "type": "Transitive",
        "resolved": "2.23.0",
        "contentHash": "gGt0JPw2dcSeIAIefyORJBdeMz8KgAFIktu8HV/NwkiGmLyw+YtifLm6B5gvGxO15AeMsGPbmvWEIvLfq88XPw==",
        "dependencies": {
          "Microsoft.ApplicationInsights": "2.23.0"
        }
      },
      "Microsoft.ApplicationInsights.PerfCounterCollector": {
        "type": "Transitive",
        "resolved": "2.23.0",
        "contentHash": "q9ApjZfBS9O8m3aQM2oVjsGBmlE8BCFywT7UR+8aqdNuz7HpoIxw4jHy0XOBergiFX/olrJF4OyPkGxc3H5JHg==",
        "dependencies": {
          "Microsoft.ApplicationInsights": "2.23.0",
          "System.Diagnostics.PerformanceCounter": "6.0.0"
        }
      },
      "Microsoft.ApplicationInsights.WindowsServer": {
        "type": "Transitive",
        "resolved": "2.23.0",
        "contentHash": "2B8CGfnB/tribkQAqRBhMvJYJK5TkEPMG/BB0QrlxdwVGEufayNLMveXjkQCqld9arXd6wKR1ve2XmkA0+xXKQ==",
        "dependencies": {
          "Microsoft.ApplicationInsights": "2.23.0",
          "Microsoft.ApplicationInsights.DependencyCollector": "2.23.0",
          "Microsoft.ApplicationInsights.PerfCounterCollector": "2.23.0",
          "Microsoft.ApplicationInsights.WindowsServer.TelemetryChannel": "2.23.0"
        }
      },
      "Microsoft.ApplicationInsights.WindowsServer.TelemetryChannel": {
        "type": "Transitive",
        "resolved": "2.23.0",
        "contentHash": "798Dudr4tkujslk1w+XcXOcCErmVsk+nhp+QCHLa3lcgi25vkAxBmzPUeQlRJVCNL/1f4x/YF+vQZ8RSuTXWCw==",
        "dependencies": {
          "Microsoft.ApplicationInsights": "2.23.0",
          "System.IO.FileSystem.AccessControl": "4.7.0"
        }
      },
      "Microsoft.AspNetCore.Authentication.JwtBearer": {
        "type": "Transitive",
        "resolved": "10.0.0",
        "contentHash": "0BgDfT1GoZnzjJOBwx5vFMK5JtqsTEas9pCEwd1/KKxNUAqFmreN60WeUoF+CsmSd9tOQuqWedvdBo/QqHuNTQ==",
        "dependencies": {
          "Microsoft.IdentityModel.Protocols.OpenIdConnect": "8.0.1"
        }
      },
      "Microsoft.AspNetCore.Authentication.OpenIdConnect": {
        "type": "Transitive",
        "resolved": "10.0.0",
        "contentHash": "6ATONu+5A2oh/vzmoFhf3cuQcclMaWGHrb1kvjVsYtml+gzuWD48MmbsItM4xAUQkJZ2t8XFmbGp8pZLPxKneA==",
        "dependencies": {
          "Microsoft.IdentityModel.Protocols.OpenIdConnect": "8.0.1"
        }
      },
      "Microsoft.AspNetCore.Mvc.Razor.Extensions": {
        "type": "Transitive",
        "resolved": "6.0.0",
        "contentHash": "M0h+ChPgydX2xY17agiphnAVa/Qh05RAP8eeuqGGhQKT10claRBlLNO6d2/oSV8zy0RLHzwLnNZm5xuC/gckGA==",
        "dependencies": {
          "Microsoft.AspNetCore.Razor.Language": "6.0.0",
          "Microsoft.CodeAnalysis.Razor": "6.0.0"
        }
      },
      "Microsoft.AspNetCore.Razor.Language": {
        "type": "Transitive",
        "resolved": "6.0.0",
        "contentHash": "yCtBr1GSGzJrrp1NJUb4ltwFYMKHw/tJLnIDvg9g/FnkGIEzmE19tbCQqXARIJv5kdtBgsoVIdGLL+zmjxvM/A=="
      },
      "Microsoft.Bcl.AsyncInterfaces": {
        "type": "Transitive",
        "resolved": "8.0.0",
        "contentHash": "3WA9q9yVqJp222P3x1wYIGDAkpjAku0TMUaaQV22g6L67AI0LdOIrVS7Ht2vJfLHGSPVuqN94vIr15qn+HEkHw=="
      },
      "Microsoft.Build": {
        "type": "Transitive",
        "resolved": "17.7.2",
        "contentHash": "AmWnumxsMiRycFfE3kq/XnFFTAoPpCWl3UuiKQWCa5Z0+hBKVoiydzS2iXJGd3x+jry+qaTR9GzoezjV9NFT5A==",
        "dependencies": {
          "Microsoft.Build.Framework": "17.7.2",
          "Microsoft.NET.StringTools": "17.7.2",
          "System.Configuration.ConfigurationManager": "7.0.0",
          "System.Reflection.MetadataLoadContext": "7.0.0",
          "System.Security.Permissions": "7.0.0"
        }
      },
      "Microsoft.Build.Framework": {
        "type": "Transitive",
        "resolved": "17.14.28",
        "contentHash": "wRcyTzGV0LRAtFdrddtioh59Ky4/zbvyraP0cQkDzRSRkhgAQb0K88D/JNC6VHLIXanRi3mtV1jU0uQkBwmiVg=="
      },
      "Microsoft.Build.Tasks.Core": {
        "type": "Transitive",
        "resolved": "17.14.28",
        "contentHash": "jk3O0tXp9QWPXhLJ7Pl8wm/eGtGgA1++vwHGWEmnwMU6eP//ghtcCUpQh9CQMwEKGDnH0aJf285V1s8yiSlKfQ==",
        "dependencies": {
          "Microsoft.Build.Framework": "17.14.28",
          "Microsoft.Build.Utilities.Core": "17.14.28",
          "Microsoft.NET.StringTools": "17.14.28",
          "System.CodeDom": "9.0.0",
          "System.Configuration.ConfigurationManager": "9.0.0",
          "System.Formats.Nrbf": "9.0.0",
          "System.Resources.Extensions": "9.0.0",
          "System.Security.Cryptography.Pkcs": "9.0.0",
          "System.Security.Cryptography.ProtectedData": "9.0.0"
        }
      },
      "Microsoft.Build.Utilities.Core": {
        "type": "Transitive",
        "resolved": "17.14.28",
        "contentHash": "rhSdPo8QfLXXWM+rY0x0z1G4KK4ZhMoIbHROyDj8MUBFab9nvHR0NaMnjzOgXldhmD2zi2ir8d6xCatNzlhF5g==",
        "dependencies": {
          "Microsoft.Build.Framework": "17.14.28",
          "Microsoft.NET.StringTools": "17.14.28",
          "System.Configuration.ConfigurationManager": "9.0.0",
          "System.Security.Cryptography.ProtectedData": "9.0.0"
        }
      },
      "Microsoft.CodeAnalysis.Analyzers": {
        "type": "Transitive",
        "resolved": "3.11.0",
        "contentHash": "v/EW3UE8/lbEYHoC2Qq7AR/DnmvpgdtAMndfQNmpuIMx/Mto8L5JnuCfdBYtgvalQOtfNCnxFejxuRrryvUTsg=="
      },
      "Microsoft.CodeAnalysis.Common": {
        "type": "Transitive",
        "resolved": "4.14.0",
        "contentHash": "PC3tuwZYnC+idaPuoC/AZpEdwrtX7qFpmnrfQkgobGIWiYmGi5MCRtl5mx6QrfMGQpK78X2lfIEoZDLg/qnuHg==",
        "dependencies": {
          "Microsoft.CodeAnalysis.Analyzers": "3.11.0"
        }
      },
      "Microsoft.CodeAnalysis.CSharp": {
        "type": "Transitive",
        "resolved": "4.14.0",
        "contentHash": "568a6wcTivauIhbeWcCwfWwIn7UV7MeHEBvFB2uzGIpM2OhJ4eM/FZ8KS0yhPoNxnSpjGzz7x7CIjTxhslojQA==",
        "dependencies": {
          "Microsoft.CodeAnalysis.Analyzers": "3.11.0",
          "Microsoft.CodeAnalysis.Common": "[4.14.0]"
        }
      },
      "Microsoft.CodeAnalysis.CSharp.Workspaces": {
        "type": "Transitive",
        "resolved": "4.14.0",
        "contentHash": "QkgCEM4qJo6gdtblXtNgHqtykS61fxW+820hx5JN6n9DD4mQtqNB+6fPeJ3GQWg6jkkGz6oG9yZq7H3Gf0zwYw==",
        "dependencies": {
          "Humanizer.Core": "2.14.1",
          "Microsoft.CodeAnalysis.Analyzers": "3.11.0",
          "Microsoft.CodeAnalysis.CSharp": "[4.14.0]",
          "Microsoft.CodeAnalysis.Common": "[4.14.0]",
          "Microsoft.CodeAnalysis.Workspaces.Common": "[4.14.0]",
          "System.Composition": "9.0.0"
        }
      },
      "Microsoft.CodeAnalysis.Razor": {
        "type": "Transitive",
        "resolved": "6.0.0",
        "contentHash": "uqdzuQXxD7XrJCbIbbwpI/LOv0PBJ9VIR0gdvANTHOfK5pjTaCir+XcwvYvBZ5BIzd0KGzyiamzlEWw1cK1q0w==",
        "dependencies": {
          "Microsoft.AspNetCore.Razor.Language": "6.0.0",
          "Microsoft.CodeAnalysis.CSharp": "4.0.0",
          "Microsoft.CodeAnalysis.Common": "4.0.0"
        }
      },
      "Microsoft.CodeAnalysis.Workspaces.Common": {
        "type": "Transitive",
        "resolved": "4.14.0",
        "contentHash": "wNVK9JrqjqDC/WgBUFV6henDfrW87NPfo98nzah/+M/G1D6sBOPtXwqce3UQNn+6AjTnmkHYN1WV9XmTlPemTw==",
        "dependencies": {
          "Humanizer.Core": "2.14.1",
          "Microsoft.CodeAnalysis.Analyzers": "3.11.0",
          "Microsoft.CodeAnalysis.Common": "[4.14.0]",
          "System.Composition": "9.0.0"
        }
      },
      "Microsoft.CodeAnalysis.Workspaces.MSBuild": {
        "type": "Transitive",
        "resolved": "4.14.0",
        "contentHash": "YU7Sguzm1Cuhi2U6S0DRKcVpqAdBd2QmatpyE0KqYMJogJ9E27KHOWGUzAOjsyjAM7sNaUk+a8VPz24knDseFw==",
        "dependencies": {
          "Humanizer.Core": "2.14.1",
          "Microsoft.Build": "17.7.2",
          "Microsoft.Build.Framework": "17.7.2",
          "Microsoft.Build.Tasks.Core": "17.7.2",
          "Microsoft.Build.Utilities.Core": "17.7.2",
          "Microsoft.CodeAnalysis.Analyzers": "3.11.0",
          "Microsoft.CodeAnalysis.Workspaces.Common": "[4.14.0]",
          "Newtonsoft.Json": "13.0.3",
          "System.CodeDom": "7.0.0",
          "System.Composition": "9.0.0",
          "System.Configuration.ConfigurationManager": "9.0.0",
          "System.Resources.Extensions": "9.0.0",
          "System.Security.Cryptography.Pkcs": "7.0.2",
          "System.Security.Cryptography.ProtectedData": "9.0.0",
          "System.Security.Permissions": "9.0.0",
          "System.Windows.Extensions": "9.0.0"
        }
      },
      "Microsoft.EntityFrameworkCore.Abstractions": {
        "type": "Transitive",
        "resolved": "10.0.0",
        "contentHash": "C+TT9k7f1GQ8agOfV512K9iwrzi76RXVSDiLx+iWC9pz3QhEpSF1Dyk+FpVvd8ULQ+rqymfM8KQ7g48ttQVyMg=="
      },
      "Microsoft.EntityFrameworkCore.Analyzers": {
        "type": "Transitive",
        "resolved": "10.0.0",
        "contentHash": "TxHQq0kn0tpYs2ljeRl8jtmWk720B0nteqI6mAZM77HWJpYT9Zj8SkkBBlj8K3Yeq18a6NBjz6YutE+shEk4Ag=="
      },
      "Microsoft.EntityFrameworkCore.Relational": {
        "type": "Transitive",
        "resolved": "10.0.0",
        "contentHash": "A3MX1ee7RDxWCUdx/KqP+74fbksz0UIhkVZh56YHvbPkEKsffCXgHU3LGkRDwqR/MrBNWLCWC/IVX79tzM30ZA==",
        "dependencies": {
          "Microsoft.EntityFrameworkCore": "10.0.0"
        }
      },
      "Microsoft.Extensions.DependencyModel": {
        "type": "Transitive",
        "resolved": "10.0.0",
        "contentHash": "RFYJR7APio/BiqdQunRq6DB+nDB6nc2qhHr77mlvZ0q0BT8PubMXN7XicmfzCbrDE/dzhBnUKBRXLTcqUiZDGg=="
      },
      "Microsoft.Extensions.Logging.ApplicationInsights": {
        "type": "Transitive",
        "resolved": "2.23.0",
        "contentHash": "JLEabPz445i1yRB0hKZVzJJE35QatRIzWlrMOiBQXr9kBJod0jkpkrBf94ln6kXu+jlEGohnXtuXacPPhybJDw==",
        "dependencies": {
          "Microsoft.ApplicationInsights": "2.23.0"
        }
      },
      "Microsoft.Graph.Core": {
        "type": "Transitive",
        "resolved": "3.2.4",
        "contentHash": "0kBbgRiWUrrc7Um0oDcXl9t8Hxzgoz9SddErRDhqdDm4TWDlT8ItYuIfjwoFPHO1O51kwkDtTxzDRwZThbW5Uw==",
        "dependencies": {
          "Microsoft.IdentityModel.Protocols.OpenIdConnect": "8.6.1",
          "Microsoft.IdentityModel.Validators": "8.6.1",
          "Microsoft.Kiota.Abstractions": "1.17.1",
          "Microsoft.Kiota.Authentication.Azure": "1.17.1",
          "Microsoft.Kiota.Http.HttpClientLibrary": "1.17.1",
          "Microsoft.Kiota.Serialization.Form": "1.17.1",
          "Microsoft.Kiota.Serialization.Json": "1.17.1",
          "Microsoft.Kiota.Serialization.Multipart": "1.17.1",
          "Microsoft.Kiota.Serialization.Text": "1.17.1"
        }
      },
      "Microsoft.Identity.Abstractions": {
        "type": "Transitive",
        "resolved": "9.6.0",
        "contentHash": "u0QMi3PMUIbzhRa4ScCq037A5RkTnu/uW49YoGMgTqhQGwBafa6Tv9wliLbEoNtDZltrH2wXcYEhuZ8RkhfiQQ=="
      },
      "Microsoft.Identity.Client": {
        "type": "Transitive",
        "resolved": "4.79.2",
        "contentHash": "K+oMGiBTWS+pr8ZG8FljF3ArGUUlp5Y5MVTkjeDImPhezNkZwfGNJi5i1jYOfSI3Xbvs/lNi1zD9p3hn3kS4LQ==",
        "dependencies": {
          "Microsoft.IdentityModel.Abstractions": "8.14.0"
        }
      },
      "Microsoft.Identity.Client.Extensions.Msal": {
        "type": "Transitive",
        "resolved": "4.78.0",
        "contentHash": "DYU9o+DrDQuyZxeq91GBA9eNqBvA3ZMkLzQpF7L9dTk6FcIBM1y1IHXWqiKXTvptPF7CZE59upbyUoa+FJ5eiA==",
        "dependencies": {
          "Microsoft.Identity.Client": "4.78.0",
          "System.Security.Cryptography.ProtectedData": "4.5.0"
        }
      },
      "Microsoft.Identity.Web": {
        "type": "Transitive",
        "resolved": "4.1.1",
        "contentHash": "J37FEUYbdqaJyL/N1jMwk8yM8kDgEEfJlAHeGt42odupNdpOS7LvP3ABi2Fm9BcmUof9+SOwGejo2Q9BOy9w/w==",
        "dependencies": {
          "Microsoft.Identity.Web.Certificate": "4.1.1",
          "Microsoft.Identity.Web.Certificateless": "4.1.1",
          "Microsoft.Identity.Web.TokenAcquisition": "4.1.1",
          "Microsoft.Identity.Web.TokenCache": "4.1.1",
          "Microsoft.IdentityModel.Protocols.OpenIdConnect": "8.15.0",
          "Microsoft.IdentityModel.Validators": "8.15.0",
          "System.IdentityModel.Tokens.Jwt": "8.15.0"
        }
      },
      "Microsoft.Identity.Web.Certificate": {
        "type": "Transitive",
        "resolved": "4.1.1",
        "contentHash": "O3cVpLcJI3r9XZkod67BcsIMQ4zrb0tuGzQr+EVN6jappKpufcC9NdnD+nxP3IRljk4GILeLvcqToyYLFSeQ4Q==",
        "dependencies": {
          "Azure.Identity": "1.11.4",
          "Azure.Security.KeyVault.Certificates": "4.6.0",
          "Azure.Security.KeyVault.Secrets": "4.6.0",
          "Microsoft.Identity.Abstractions": "9.6.0",
          "Microsoft.Identity.Web.Certificateless": "4.1.1",
          "Microsoft.Identity.Web.Diagnostics": "4.1.1"
        }
      },
      "Microsoft.Identity.Web.Certificateless": {
        "type": "Transitive",
        "resolved": "4.1.1",
        "contentHash": "giKEFsNSvQG7a3fuOLjXDl35f8kD7hNUN4OwYhbgp6O54K7WwunvGi6XHVPK/tv7XJM9gEEA48HlvHQB/++4wQ==",
        "dependencies": {
          "Microsoft.Identity.Client": "4.79.2",
          "Microsoft.IdentityModel.JsonWebTokens": "8.15.0"
        }
      },
      "Microsoft.Identity.Web.Diagnostics": {
        "type": "Transitive",
        "resolved": "4.1.1",
        "contentHash": "OCe3zqq6jpNHITcnUoYJZcJ2J/RoL08Y7jeZWPo8UqsG0Cb5eOot8ZRNK6SpxsND3bRb5Jj9WxjQkJuqOWCRtQ=="
      },
      "Microsoft.Identity.Web.TokenAcquisition": {
        "type": "Transitive",
        "resolved": "4.1.1",
        "contentHash": "gY63/pflzGAJ8XkVx3Ij6C9l3z1+/ZCs9bH3vJeHg1QYP9UQet1EYdFX+nnww8BVPXsg49WlOiH6trF2obbOvA==",
        "dependencies": {
          "Microsoft.AspNetCore.Authentication.JwtBearer": "10.0.0",
          "Microsoft.AspNetCore.Authentication.OpenIdConnect": "10.0.0",
          "Microsoft.Identity.Abstractions": "9.6.0",
          "Microsoft.Identity.Web.Certificate": "4.1.1",
          "Microsoft.Identity.Web.Certificateless": "4.1.1",
          "Microsoft.Identity.Web.TokenCache": "4.1.1",
          "Microsoft.IdentityModel.Logging": "8.15.0",
          "Microsoft.IdentityModel.LoggingExtensions": "8.15.0",
          "Microsoft.IdentityModel.Protocols.OpenIdConnect": "8.15.0",
          "System.IdentityModel.Tokens.Jwt": "8.15.0"
        }
      },
      "Microsoft.Identity.Web.TokenCache": {
        "type": "Transitive",
        "resolved": "4.1.1",
        "contentHash": "FlGxNCQZuXyufPArf4xH8+Q3VoPKhUs/ap9L22IaO15fPIuwjuSpcrqMvzZlx6FXl+CObo+HFY3mjpsQjsWJag==",
        "dependencies": {
          "Microsoft.Identity.Client": "4.79.2",
          "Microsoft.Identity.Web.Diagnostics": "4.1.1",
          "System.Security.Cryptography.Pkcs": "10.0.0"
        }
      },
      "Microsoft.IdentityModel.Abstractions": {
        "type": "Transitive",
        "resolved": "8.15.0",
        "contentHash": "e/DApa1GfxUqHSBHcpiQg8yaghKAvFVBQFcWh25jNoRobDZbduTUACY8bZ54eeGWXvimGmEDdF0zkS5Dq16XPQ=="
      },
      "Microsoft.IdentityModel.JsonWebTokens": {
        "type": "Transitive",
        "resolved": "8.15.0",
        "contentHash": "3513f5VzvOZy3ELd42wGnh1Q3e83tlGAuXFSNbENpgWYoAhLLzgFtd5PiaOPGAU0gqKhYGVzKavghLUGfX3HQg==",
        "dependencies": {
          "Microsoft.IdentityModel.Tokens": "8.15.0"
        }
      },
      "Microsoft.IdentityModel.Logging": {
        "type": "Transitive",
        "resolved": "8.15.0",
        "contentHash": "1gJLjhy0LV2RQMJ9NGzi5Tnb2l+c37o8D8Lrk2mrvmb6OQHZ7XJstd/XxvncXgBpad4x9CGXdipbZzJJCXKyAg==",
        "dependencies": {
          "Microsoft.IdentityModel.Abstractions": "8.15.0"
        }
      },
      "Microsoft.IdentityModel.LoggingExtensions": {
        "type": "Transitive",
        "resolved": "8.15.0",
        "contentHash": "u0/PCw/1sMka5DHi1SIviM74AKMm5k9C4FZNMCap+AzH+dGhX9yPZxZNisvnxmqdhDSQemiz+GwLdTIFDlgEog==",
        "dependencies": {
          "Microsoft.IdentityModel.Abstractions": "8.15.0"
        }
      },
      "Microsoft.IdentityModel.Protocols": {
        "type": "Transitive",
        "resolved": "8.15.0",
        "contentHash": "n4t/m/zpd8rx/nqMqnKmbDqDjqy404JQ+3TYrSXEn7Otw5Vfg6Hmk3tK8SyeAlTzLGC1gVrjt9awPFVBE1tUGQ==",
        "dependencies": {
          "Microsoft.IdentityModel.Tokens": "8.15.0"
        }
      },
      "Microsoft.IdentityModel.Protocols.OpenIdConnect": {
        "type": "Transitive",
        "resolved": "8.15.0",
        "contentHash": "uJ5cHsTHRqx/1W68Gz/7hqUgudai1CXnokIXTQw+ZI1o3hWuhQa1vgSzXX9+IAkOJ/gP+M590Fg3WTwqglJghg==",
        "dependencies": {
          "Microsoft.IdentityModel.Protocols": "8.15.0",
          "System.IdentityModel.Tokens.Jwt": "8.15.0"
        }
      },
      "Microsoft.IdentityModel.Tokens": {
        "type": "Transitive",
        "resolved": "8.15.0",
        "contentHash": "zUE9ysJXBtXlHHRtcRK3Sp8NzdCI1z/BRDTXJQ2TvBoI0ENRtnufYIep0O5TSCJRJGDwwuLTUx+l/bEYZUxpCA==",
        "dependencies": {
          "Microsoft.IdentityModel.Logging": "8.15.0"
        }
      },
      "Microsoft.IdentityModel.Validators": {
        "type": "Transitive",
        "resolved": "8.15.0",
        "contentHash": "q1VGYGtD0jCD8sav/jJBx1ykg2I+Drm6/bcok1/qyxjkGmPFYL+qGvqXndFNBvy04E3+OkqfGqckuW3a5Wzmcw==",
        "dependencies": {
          "Microsoft.IdentityModel.Protocols": "8.15.0",
          "Microsoft.IdentityModel.Protocols.OpenIdConnect": "8.15.0",
          "Microsoft.IdentityModel.Tokens": "8.15.0",
          "System.IdentityModel.Tokens.Jwt": "8.15.0"
        }
      },
      "Microsoft.Kiota.Abstractions": {
        "type": "Transitive",
        "resolved": "1.17.1",
        "contentHash": "nznpJUkC8F0iwZBael68nIS90g0wKgipJsLwarknd8hsGom0nJhyogZvIJUIzRWfNNSp0JhsxRYEW0WhvmppKw==",
        "dependencies": {
          "Std.UriTemplate": "2.0.1"
        }
      },
      "Microsoft.Kiota.Authentication.Azure": {
        "type": "Transitive",
        "resolved": "1.17.1",
        "contentHash": "BkzhCChAH+IOfH7NnB86ynvRqPfHRDdxQw1XJ/ShwsG66A9dRLJ/T4K+d+U5l4EiaCllgXDN6+TUEc5KXMgOgw==",
        "dependencies": {
          "Azure.Core": "1.44.1",
          "Microsoft.Kiota.Abstractions": "1.17.1"
        }
      },
      "Microsoft.Kiota.Http.HttpClientLibrary": {
        "type": "Transitive",
        "resolved": "1.17.1",
        "contentHash": "7cSZoEJ8G9YT3UxCILASZIB0GbmVnO3jdLDAMgMeU4O/SNemKtgA58pvKYJVrIZnJ9Up/mflQZFkGrSCOij4WQ==",
        "dependencies": {
          "Microsoft.Kiota.Abstractions": "1.17.1"
        }
      },
      "Microsoft.Kiota.Serialization.Form": {
        "type": "Transitive",
        "resolved": "1.17.1",
        "contentHash": "L35vwCSp01r7FoRunmSrKVfGnDBx1+3kcRnSMdleukRIAEeldnrNrjcitqVNSXhCqqnsVIT//B5dBvOCcZFCcA==",
        "dependencies": {
          "Microsoft.Kiota.Abstractions": "1.17.1"
        }
      },
      "Microsoft.Kiota.Serialization.Json": {
        "type": "Transitive",
        "resolved": "1.17.1",
        "contentHash": "EIUiZDVi1XS83k8ybtHMZr7NzHTtiIVGGIif6hiQV2CUEEhTQKxK/eggwajw8+CRfSPrs7ksvKNJleQnAIecHA==",
        "dependencies": {
          "Microsoft.Kiota.Abstractions": "1.17.1"
        }
      },
      "Microsoft.Kiota.Serialization.Multipart": {
        "type": "Transitive",
        "resolved": "1.17.1",
        "contentHash": "bbWg8iQrxBqPVRHfZnNuo1x9oHiRJJfRreTsAb9aO8ViO46wtB7niMgCWt69XG9iQdzAy9pKF8Quho14bNOAmg==",
        "dependencies": {
          "Microsoft.Kiota.Abstractions": "1.17.1"
        }
      },
      "Microsoft.Kiota.Serialization.Text": {
        "type": "Transitive",
        "resolved": "1.17.1",
        "contentHash": "dx1kIbBt21DqRt1tTPt3XkC8doEY1xFf+amPmPedCOM6X8IqdVs8xHymE/66aSWr5alufhEebu/bDxpR90M7mQ==",
        "dependencies": {
          "Microsoft.Kiota.Abstractions": "1.17.1"
        }
      },
      "Microsoft.NET.StringTools": {
        "type": "Transitive",
        "resolved": "17.14.28",
        "contentHash": "DMIeWDlxe0Wz0DIhJZ2FMoGQAN2yrGZOi5jjFhRYHWR5ONd0CS6IpAHlRnA7uA/5BF+BADvgsETxW2XrPiFc1A=="
      },
      "Microsoft.NETCore.Platforms": {
        "type": "Transitive",
        "resolved": "5.0.0",
        "contentHash": "VyPlqzH2wavqquTcYpkIIAQ6WdenuKoFN0BdYBbCWsclXacSOHNQn66Gt4z5NBqEYW0FAPm5rlvki9ZiCij5xQ=="
      },
      "Microsoft.Win32.SystemEvents": {
        "type": "Transitive",
        "resolved": "5.0.0",
        "contentHash": "Bh6blKG8VAKvXiLe2L+sEsn62nc1Ij34MrNxepD2OCrS5cpCwQa9MeLyhVQPQ/R4Wlzwuy6wMK8hLb11QPDRsQ==",
        "dependencies": {
          "Microsoft.NETCore.Platforms": "5.0.0"
        }
      },
      "Mono.TextTemplating": {
        "type": "Transitive",
        "resolved": "3.0.0",
        "contentHash": "YqueG52R/Xej4VVbKuRIodjiAhV0HR/XVbLbNrJhCZnzjnSjgMJ/dCdV0akQQxavX6hp/LC6rqLGLcXeQYU7XA==",
        "dependencies": {
          "System.CodeDom": "6.0.0"
        }
      },
      "Newtonsoft.Json": {
        "type": "Transitive",
        "resolved": "13.0.4",
        "contentHash": "pdgNNMai3zv51W5aq268sujXUyx7SNdE2bj1wZcWjAQrKMFZV260lbqYop1d2GM67JI1huLRwxo9ZqnfF/lC6A=="
      },
      "NodaTime": {
        "type": "Transitive",
        "resolved": "3.2.2",
        "contentHash": "dmju5W0UYC3QP/UJM0juKAZkH0HSDMp0gH91A0+mT9M0kgyM2Jm67hUZPl/WRQLq8Lijjqmdk8kyAViWFWM7dA=="
      },
      "OpenLocationCode": {
        "type": "Transitive",
        "resolved": "2.1.1",
        "contentHash": "9sMrkSNS3pR72WLjhWycPAv9f/prnRF4VlSdpAi3HXjoz6F/Ijs9gcuWcsy1R/8I0ffMrwdutjUlpg2sKA2N0A=="
      },
      "runtime.native.System.Data.SqlClient.sni": {
        "type": "Transitive",
        "resolved": "4.4.0",
        "contentHash": "A8v6PGmk+UGbfWo5Ixup0lPM4swuSwOiayJExZwKIOjTlFFQIsu3QnDXECosBEyrWSPryxBVrdqtJyhK3BaupQ==",
        "dependencies": {
          "runtime.win-arm64.runtime.native.System.Data.SqlClient.sni": "4.4.0",
          "runtime.win-x64.runtime.native.System.Data.SqlClient.sni": "4.4.0",
          "runtime.win-x86.runtime.native.System.Data.SqlClient.sni": "4.4.0"
        }
      },
      "runtime.win-arm64.runtime.native.System.Data.SqlClient.sni": {
        "type": "Transitive",
        "resolved": "4.4.0",
        "contentHash": "LbrynESTp3bm5O/+jGL8v0Qg5SJlTV08lpIpFesXjF6uGNMWqFnUQbYBJwZTeua6E/Y7FIM1C54Ey1btLWupdg=="
      },
      "runtime.win-x64.runtime.native.System.Data.SqlClient.sni": {
        "type": "Transitive",
        "resolved": "4.4.0",
        "contentHash": "38ugOfkYJqJoX9g6EYRlZB5U2ZJH51UP8ptxZgdpS07FgOEToV+lS11ouNK2PM12Pr6X/PpT5jK82G3DwH/SxQ=="
      },
      "runtime.win-x86.runtime.native.System.Data.SqlClient.sni": {
        "type": "Transitive",
        "resolved": "4.4.0",
        "contentHash": "YhEdSQUsTx+C8m8Bw7ar5/VesXvCFMItyZF7G1AUY+OM0VPZUOeAVpJ4Wl6fydBGUYZxojTDR3I6Bj/+BPkJNA=="
      },
      "shortid": {
        "type": "Transitive",
        "resolved": "4.0.0",
        "contentHash": "iiOsFHiZLfmUxViNKWAmLYi6xCJanKBYlxe163pkK4C+k9vnkWdCNCPouNWukn/F147k3bLq0tEFEQhlGMLqjA=="
      },
      "Std.UriTemplate": {
        "type": "Transitive",
        "resolved": "2.0.1",
        "contentHash": "Ix5VXZwLfolwVHyGTSSJl6KIJ2le6E9YjLdZBMS1Xxzw7VJankRvQW8JoUL69tEgfcw+0qjgWrlxANrhvS0QCQ=="
      },
      "System.ClientModel": {
        "type": "Transitive",
        "resolved": "1.8.0",
        "contentHash": "AqRzhn0v29GGGLj/Z6gKq4lGNtvPHT4nHdG5PDJh9IfVjv/nYUVmX11hwwws1vDFeIAzrvmn0dPu8IjLtu6fAw==",
        "dependencies": {
          "System.Memory.Data": "8.0.1"
        }
      },
      "System.CodeDom": {
        "type": "Transitive",
        "resolved": "9.0.0",
        "contentHash": "oTE5IfuMoET8yaZP/vdvy9xO47guAv/rOhe4DODuFBN3ySprcQOlXqO3j+e/H/YpKKR5sglrxRaZ2HYOhNJrqA=="
      },
      "System.Composition": {
        "type": "Transitive",
        "resolved": "9.0.0",
        "contentHash": "3Djj70fFTraOarSKmRnmRy/zm4YurICm+kiCtI0dYRqGJnLX6nJ+G3WYuFJ173cAPax/gh96REcbNiVqcrypFQ==",
        "dependencies": {
          "System.Composition.AttributedModel": "9.0.0",
          "System.Composition.Convention": "9.0.0",
          "System.Composition.Hosting": "9.0.0",
          "System.Composition.Runtime": "9.0.0",
          "System.Composition.TypedParts": "9.0.0"
        }
      },
      "System.Composition.AttributedModel": {
        "type": "Transitive",
        "resolved": "9.0.0",
        "contentHash": "iri00l/zIX9g4lHMY+Nz0qV1n40+jFYAmgsaiNn16xvt2RDwlqByNG4wgblagnDYxm3YSQQ0jLlC/7Xlk9CzyA=="
      },
      "System.Composition.Convention": {
        "type": "Transitive",
        "resolved": "9.0.0",
        "contentHash": "+vuqVP6xpi582XIjJi6OCsIxuoTZfR0M7WWufk3uGDeCl3wGW6KnpylUJ3iiXdPByPE0vR5TjJgR6hDLez4FQg==",
        "dependencies": {
          "System.Composition.AttributedModel": "9.0.0"
        }
      },
      "System.Composition.Hosting": {
        "type": "Transitive",
        "resolved": "9.0.0",
        "contentHash": "OFqSeFeJYr7kHxDfaViGM1ymk7d4JxK//VSoNF9Ux0gpqkLsauDZpu89kTHHNdCWfSljbFcvAafGyBoY094btQ==",
        "dependencies": {
          "System.Composition.Runtime": "9.0.0"
        }
      },
      "System.Composition.Runtime": {
        "type": "Transitive",
        "resolved": "9.0.0",
        "contentHash": "w1HOlQY1zsOWYussjFGZCEYF2UZXgvoYnS94NIu2CBnAGMbXFAX8PY8c92KwUItPmowal68jnVLBCzdrWLeEKA=="
      },
      "System.Composition.TypedParts": {
        "type": "Transitive",
        "resolved": "9.0.0",
        "contentHash": "aRZlojCCGEHDKqh43jaDgaVpYETsgd7Nx4g1zwLKMtv4iTo0627715ajEFNpEEBTgLmvZuv8K0EVxc3sM4NWJA==",
        "dependencies": {
          "System.Composition.AttributedModel": "9.0.0",
          "System.Composition.Hosting": "9.0.0",
          "System.Composition.Runtime": "9.0.0"
        }
      },
      "System.Configuration.ConfigurationManager": {
        "type": "Transitive",
        "resolved": "9.0.0",
        "contentHash": "PdkuMrwDhXoKFo/JxISIi9E8L+QGn9Iquj2OKDWHB6Y/HnUOuBouF7uS3R4Hw3FoNmwwMo6hWgazQdyHIIs27A==",
        "dependencies": {
          "System.Security.Cryptography.ProtectedData": "9.0.0"
        }
      },
      "System.Data.SqlClient": {
        "type": "Transitive",
        "resolved": "4.9.0",
        "contentHash": "j4KJO+vC62NyUtNHz854njEqXbT8OmAa5jb1nrGfYWBOcggyYUQE0w/snXeaCjdvkSKWuUD+hfvlbN8pTrJTXg==",
        "dependencies": {
          "runtime.native.System.Data.SqlClient.sni": "4.4.0"
        }
      },
      "System.Diagnostics.PerformanceCounter": {
        "type": "Transitive",
        "resolved": "6.0.0",
        "contentHash": "gbeE5tNp/oB7O8kTTLh3wPPJCxpNOphXPTWVs1BsYuFOYapFijWuh0LYw1qnDo4gwDUYPXOmpTIhvtxisGsYOQ==",
        "dependencies": {
          "System.Configuration.ConfigurationManager": "6.0.0"
        }
      },
      "System.Drawing.Common": {
        "type": "Transitive",
        "resolved": "5.0.3",
        "contentHash": "rEQZuslijqdsO0pkJn7LtGBaMc//YVA8de0meGihkg9oLPaN+w+/Pb5d71lgp0YjPoKgBKNMvdq0IPnoW4PEng==",
        "dependencies": {
          "Microsoft.Win32.SystemEvents": "5.0.0"
        }
      },
      "System.Formats.Nrbf": {
        "type": "Transitive",
        "resolved": "9.0.0",
        "contentHash": "F/6tNE+ckmdFeSQAyQo26bQOqfPFKEfZcuqnp4kBE6/7jP26diP+QTHCJJ6vpEfaY6bLy+hBLiIQUSxSmNwLkA=="
      },
      "System.IdentityModel.Tokens.Jwt": {
        "type": "Transitive",
        "resolved": "8.15.0",
        "contentHash": "dpodi7ixz6hxK8YCBYAWzm0IA8JYXoKcz0hbCbNifo519//rjUI0fBD8rfNr+IGqq+2gm4oQoXwHk09LX5SqqQ==",
        "dependencies": {
          "Microsoft.IdentityModel.JsonWebTokens": "8.15.0",
          "Microsoft.IdentityModel.Tokens": "8.15.0"
        }
      },
      "System.IO.FileSystem.AccessControl": {
        "type": "Transitive",
        "resolved": "4.7.0",
        "contentHash": "vMToiarpU81LR1/KZtnT7VDPvqAZfw9oOS5nY6pPP78nGYz3COLsQH3OfzbR+SjTgltd31R6KmKklz/zDpTmzw=="
      },
      "System.IO.Hashing": {
        "type": "Transitive",
        "resolved": "8.0.0",
        "contentHash": "ne1843evDugl0md7Fjzy6QjJrzsjh46ZKbhf8GwBXb5f/gw97J4bxMs0NQKifDuThh/f0bZ0e62NPl1jzTuRqA=="
      },
      "System.Memory.Data": {
        "type": "Transitive",
        "resolved": "8.0.1",
        "contentHash": "BVYuec3jV23EMRDeR7Dr1/qhx7369dZzJ9IWy2xylvb4YfXsrUxspWc4UWYid/tj4zZK58uGZqn2WQiaDMhmAg=="
      },
      "System.Reflection.MetadataLoadContext": {
        "type": "Transitive",
        "resolved": "7.0.0",
        "contentHash": "z9PvtMJra5hK8n+g0wmPtaG7HQRZpTmIPRw5Z0LEemlcdQMHuTD5D7OAY/fZuuz1L9db++QOcDF0gJTLpbMtZQ=="
      },
      "System.Resources.Extensions": {
        "type": "Transitive",
        "resolved": "9.0.0",
        "contentHash": "tvhuT1D2OwPROdL1kRWtaTJliQo0WdyhvwDpd8RM997G7m3Hya5nhbYhNTS75x6Vu+ypSOgL5qxDCn8IROtCxw==",
        "dependencies": {
          "System.Formats.Nrbf": "9.0.0"
        }
      },
      "System.Security.Cryptography.Pkcs": {
        "type": "Transitive",
        "resolved": "10.0.0",
        "contentHash": "UPWqLSygJlFerRi9XNIuM0a1VC8gHUIufyP24xQ0sc+XimqUAEcjpOz9DhKpyDjH+5B/wO3RpC0KpkEeDj/ddg=="
      },
      "System.Security.Cryptography.ProtectedData": {
        "type": "Transitive",
        "resolved": "9.0.0",
        "contentHash": "CJW+x/F6fmRQ7N6K8paasTw9PDZp4t7G76UjGNlSDgoHPF0h08vTzLYbLZpOLEJSg35d5wy2jCXGo84EN05DpQ=="
      },
      "System.Security.Permissions": {
        "type": "Transitive",
        "resolved": "9.0.0",
        "contentHash": "H2VFD4SFVxieywNxn9/epb63/IOcPPfA0WOtfkljzNfu7GCcHIBQNuwP6zGCEIi7Ci/oj8aLPUNK9sYImMFf4Q==",
        "dependencies": {
          "System.Windows.Extensions": "9.0.0"
        }
      },
      "System.Windows.Extensions": {
        "type": "Transitive",
        "resolved": "9.0.0",
        "contentHash": "U9msthvnH2Fsw7xwAvIhNHOdnIjOQTwOc8Vd0oGOsiRcGMGoBFlUD6qtYawRUoQdKH9ysxesZ9juFElt1Jw/7A=="
      },
      "giframeworkmaps.data": {
        "type": "Project",
        "dependencies": {
          "Azure.Identity": "[1.17.1, )",
          "Microsoft.EntityFrameworkCore": "[10.0.0, )",
          "Microsoft.Graph.Beta": "[5.126.0-preview, )",
          "Microsoft.IdentityModel.JsonWebTokens": "[8.15.0, )",
          "Newtonsoft.Json": "[13.0.4, )",
          "Npgsql": "[10.0.0, )",
          "Npgsql.EntityFrameworkCore.PostgreSQL": "[10.0.0, )",
          "Npgsql.EntityFrameworkCore.PostgreSQL.NodaTime": "[10.0.0, )",
          "Npgsql.NodaTime": "[10.0.0, )",
          "OpenLocationCode": "[2.1.1, )",
          "System.Data.SqlClient": "[4.9.0, )",
          "System.IdentityModel.Tokens.Jwt": "[8.15.0, )",
          "shortid": "[4.0.0, )"
        }
      }
    }
  }
}